// !$*UTF8*$!
{
	archiveVersion = 1;
	classes = {
	};
	objectVersion = 46;
	objects = {

/* Begin PBXBuildFile section */
		8E8677511E76CE610079E2B5 /* Main.storyboard in Resources */ = {isa = PBXBuildFile; fileRef = 8E86774F1E76CE610079E2B5 /* Main.storyboard */; };
		8E8677531E76CE610079E2B5 /* Assets.xcassets in Resources */ = {isa = PBXBuildFile; fileRef = 8E8677521E76CE610079E2B5 /* Assets.xcassets */; };
		8E8677561E76CE610079E2B5 /* LaunchScreen.storyboard in Resources */ = {isa = PBXBuildFile; fileRef = 8E8677541E76CE610079E2B5 /* LaunchScreen.storyboard */; };
		8E8677611E76CE610079E2B5 /* YHHappyWeddingTests.m in Sources */ = {isa = PBXBuildFile; fileRef = 8E8677601E76CE610079E2B5 /* YHHappyWeddingTests.m */; };
		8E86776C1E76CE610079E2B5 /* YHHappyWeddingUITests.m in Sources */ = {isa = PBXBuildFile; fileRef = 8E86776B1E76CE610079E2B5 /* YHHappyWeddingUITests.m */; };
		8E8677821E76CF3E0079E2B5 /* AppDelegate.m in Sources */ = {isa = PBXBuildFile; fileRef = 8E8677801E76CF3E0079E2B5 /* AppDelegate.m */; };
		8E8677831E76CF3E0079E2B5 /* main.m in Sources */ = {isa = PBXBuildFile; fileRef = 8E8677811E76CF3E0079E2B5 /* main.m */; };
		8E8677CD1E76D0A80079E2B5 /* UIView+Extension.m in Sources */ = {isa = PBXBuildFile; fileRef = 8E8677881E76D0A80079E2B5 /* UIView+Extension.m */; };
		8E8677CE1E76D0A80079E2B5 /* AFHTTPSessionManager.m in Sources */ = {isa = PBXBuildFile; fileRef = 8E86778C1E76D0A80079E2B5 /* AFHTTPSessionManager.m */; };
		8E8677CF1E76D0A80079E2B5 /* AFNetworkReachabilityManager.m in Sources */ = {isa = PBXBuildFile; fileRef = 8E86778F1E76D0A80079E2B5 /* AFNetworkReachabilityManager.m */; };
		8E8677D01E76D0A80079E2B5 /* AFSecurityPolicy.m in Sources */ = {isa = PBXBuildFile; fileRef = 8E8677911E76D0A80079E2B5 /* AFSecurityPolicy.m */; };
		8E8677D11E76D0A80079E2B5 /* AFURLRequestSerialization.m in Sources */ = {isa = PBXBuildFile; fileRef = 8E8677931E76D0A80079E2B5 /* AFURLRequestSerialization.m */; };
		8E8677D21E76D0A80079E2B5 /* AFURLResponseSerialization.m in Sources */ = {isa = PBXBuildFile; fileRef = 8E8677951E76D0A80079E2B5 /* AFURLResponseSerialization.m */; };
		8E8677D31E76D0A80079E2B5 /* AFURLSessionManager.m in Sources */ = {isa = PBXBuildFile; fileRef = 8E8677971E76D0A80079E2B5 /* AFURLSessionManager.m */; };
		8E8677DA1E76D0A80079E2B5 /* MBProgressHUD+YH.m in Sources */ = {isa = PBXBuildFile; fileRef = 8E8677A71E76D0A80079E2B5 /* MBProgressHUD+YH.m */; };
		8E8677DB1E76D0A80079E2B5 /* MBProgressHUD.bundle in Resources */ = {isa = PBXBuildFile; fileRef = 8E8677A81E76D0A80079E2B5 /* MBProgressHUD.bundle */; };
		8E8677DC1E76D0A80079E2B5 /* MBProgressHUD.m in Sources */ = {isa = PBXBuildFile; fileRef = 8E8677AA1E76D0A80079E2B5 /* MBProgressHUD.m */; };
		8E8677DD1E76D0A80079E2B5 /* Info.plist in Resources */ = {isa = PBXBuildFile; fileRef = 8E8677AC1E76D0A80079E2B5 /* Info.plist */; };
		8E8677DE1E76D0A80079E2B5 /* MJExtensionConst.m in Sources */ = {isa = PBXBuildFile; fileRef = 8E8677AF1E76D0A80079E2B5 /* MJExtensionConst.m */; };
		8E8677DF1E76D0A80079E2B5 /* MJFoundation.m in Sources */ = {isa = PBXBuildFile; fileRef = 8E8677B11E76D0A80079E2B5 /* MJFoundation.m */; };
		8E8677E01E76D0A80079E2B5 /* MJProperty.m in Sources */ = {isa = PBXBuildFile; fileRef = 8E8677B31E76D0A80079E2B5 /* MJProperty.m */; };
		8E8677E11E76D0A80079E2B5 /* MJPropertyKey.m in Sources */ = {isa = PBXBuildFile; fileRef = 8E8677B51E76D0A80079E2B5 /* MJPropertyKey.m */; };
		8E8677E21E76D0A80079E2B5 /* MJPropertyType.m in Sources */ = {isa = PBXBuildFile; fileRef = 8E8677B71E76D0A80079E2B5 /* MJPropertyType.m */; };
		8E8677E31E76D0A80079E2B5 /* NSObject+MJClass.m in Sources */ = {isa = PBXBuildFile; fileRef = 8E8677B91E76D0A80079E2B5 /* NSObject+MJClass.m */; };
		8E8677E41E76D0A80079E2B5 /* NSObject+MJCoding.m in Sources */ = {isa = PBXBuildFile; fileRef = 8E8677BB1E76D0A80079E2B5 /* NSObject+MJCoding.m */; };
		8E8677E51E76D0A80079E2B5 /* NSObject+MJKeyValue.m in Sources */ = {isa = PBXBuildFile; fileRef = 8E8677BD1E76D0A80079E2B5 /* NSObject+MJKeyValue.m */; };
		8E8677E61E76D0A80079E2B5 /* NSObject+MJProperty.m in Sources */ = {isa = PBXBuildFile; fileRef = 8E8677BF1E76D0A80079E2B5 /* NSObject+MJProperty.m */; };
		8E8677E71E76D0A80079E2B5 /* NSString+MJExtension.m in Sources */ = {isa = PBXBuildFile; fileRef = 8E8677C11E76D0A80079E2B5 /* NSString+MJExtension.m */; };
		8E8677E81E76D0A80079E2B5 /* SVIndefiniteAnimatedView.m in Sources */ = {isa = PBXBuildFile; fileRef = 8E8677C41E76D0A80079E2B5 /* SVIndefiniteAnimatedView.m */; };
		8E8677E91E76D0A80079E2B5 /* SVProgressAnimatedView.m in Sources */ = {isa = PBXBuildFile; fileRef = 8E8677C61E76D0A80079E2B5 /* SVProgressAnimatedView.m */; };
		8E8677EA1E76D0A80079E2B5 /* SVProgressHUD.bundle in Resources */ = {isa = PBXBuildFile; fileRef = 8E8677C81E76D0A80079E2B5 /* SVProgressHUD.bundle */; };
		8E8677EB1E76D0A80079E2B5 /* SVProgressHUD.m in Sources */ = {isa = PBXBuildFile; fileRef = 8E8677CA1E76D0A80079E2B5 /* SVProgressHUD.m */; };
		8E8677EC1E76D0A80079E2B5 /* SVRadialGradientLayer.m in Sources */ = {isa = PBXBuildFile; fileRef = 8E8677CC1E76D0A80079E2B5 /* SVRadialGradientLayer.m */; };
		8E8677F31E76D15C0079E2B5 /* YHViewController.m in Sources */ = {isa = PBXBuildFile; fileRef = 8E8677F21E76D15C0079E2B5 /* YHViewController.m */; };
		8E8677F61E76D17E0079E2B5 /* YHTabBar.m in Sources */ = {isa = PBXBuildFile; fileRef = 8E8677F51E76D17E0079E2B5 /* YHTabBar.m */; };
		8E86783B1E76E6990079E2B5 /* YHTabBarController.m in Sources */ = {isa = PBXBuildFile; fileRef = 8E86783A1E76E6990079E2B5 /* YHTabBarController.m */; };
		8E8678411E76E6C80079E2B5 /* YHNavigationController.m in Sources */ = {isa = PBXBuildFile; fileRef = 8E8678401E76E6C80079E2B5 /* YHNavigationController.m */; };
		8E8678431E76EBAF0079E2B5 /* YHTabBar.xib in Resources */ = {isa = PBXBuildFile; fileRef = 8E8678421E76EBAF0079E2B5 /* YHTabBar.xib */; };
		8E8678461E76EFFF0079E2B5 /* YHUpImgBtn.m in Sources */ = {isa = PBXBuildFile; fileRef = 8E8678451E76EFFF0079E2B5 /* YHUpImgBtn.m */; };
		8E8678591E76F1DD0079E2B5 /* YHHotelVc.m in Sources */ = {isa = PBXBuildFile; fileRef = 8E8678581E76F1DD0079E2B5 /* YHHotelVc.m */; };
		8E86785C1E76F1E80079E2B5 /* YHWeddingVc.m in Sources */ = {isa = PBXBuildFile; fileRef = 8E86785B1E76F1E80079E2B5 /* YHWeddingVc.m */; };
		8E86785F1E76F1F60079E2B5 /* YHMasterVc.m in Sources */ = {isa = PBXBuildFile; fileRef = 8E86785E1E76F1F60079E2B5 /* YHMasterVc.m */; };
		8E8678621E76F2040079E2B5 /* YHMeVc.m in Sources */ = {isa = PBXBuildFile; fileRef = 8E8678611E76F2040079E2B5 /* YHMeVc.m */; };
		8EF837B01E7780B20020BCC1 /* YHHomeVc.m in Sources */ = {isa = PBXBuildFile; fileRef = 8EF837AF1E7780B20020BCC1 /* YHHomeVc.m */; };
		8EF837FB1E778D1D0020BCC1 /* YHTabBarMidView.m in Sources */ = {isa = PBXBuildFile; fileRef = 8EF837FA1E778D1D0020BCC1 /* YHTabBarMidView.m */; };
		8EF837FE1E779B830020BCC1 /* YHScreenPanNav.m in Sources */ = {isa = PBXBuildFile; fileRef = 8EF837FD1E779B830020BCC1 /* YHScreenPanNav.m */; };
/* End PBXBuildFile section */

/* Begin PBXContainerItemProxy section */
		8E86775D1E76CE610079E2B5 /* PBXContainerItemProxy */ = {
			isa = PBXContainerItemProxy;
			containerPortal = 8E86773B1E76CE600079E2B5 /* Project object */;
			proxyType = 1;
			remoteGlobalIDString = 8E8677421E76CE600079E2B5;
			remoteInfo = YHHappyWedding;
		};
		8E8677681E76CE610079E2B5 /* PBXContainerItemProxy */ = {
			isa = PBXContainerItemProxy;
			containerPortal = 8E86773B1E76CE600079E2B5 /* Project object */;
			proxyType = 1;
			remoteGlobalIDString = 8E8677421E76CE600079E2B5;
			remoteInfo = YHHappyWedding;
		};
/* End PBXContainerItemProxy section */

/* Begin PBXFileReference section */
		8E8677431E76CE600079E2B5 /* YHHappyWedding.app */ = {isa = PBXFileReference; explicitFileType = wrapper.application; includeInIndex = 0; path = YHHappyWedding.app; sourceTree = BUILT_PRODUCTS_DIR; };
		8E8677501E76CE610079E2B5 /* Base */ = {isa = PBXFileReference; lastKnownFileType = file.storyboard; name = Base; path = Base.lproj/Main.storyboard; sourceTree = "<group>"; };
		8E8677521E76CE610079E2B5 /* Assets.xcassets */ = {isa = PBXFileReference; lastKnownFileType = folder.assetcatalog; path = Assets.xcassets; sourceTree = "<group>"; };
		8E8677551E76CE610079E2B5 /* Base */ = {isa = PBXFileReference; lastKnownFileType = file.storyboard; name = Base; path = Base.lproj/LaunchScreen.storyboard; sourceTree = "<group>"; };
		8E8677571E76CE610079E2B5 /* Info.plist */ = {isa = PBXFileReference; lastKnownFileType = text.plist.xml; path = Info.plist; sourceTree = "<group>"; };
		8E86775C1E76CE610079E2B5 /* YHHappyWeddingTests.xctest */ = {isa = PBXFileReference; explicitFileType = wrapper.cfbundle; includeInIndex = 0; path = YHHappyWeddingTests.xctest; sourceTree = BUILT_PRODUCTS_DIR; };
		8E8677601E76CE610079E2B5 /* YHHappyWeddingTests.m */ = {isa = PBXFileReference; lastKnownFileType = sourcecode.c.objc; path = YHHappyWeddingTests.m; sourceTree = "<group>"; };
		8E8677621E76CE610079E2B5 /* Info.plist */ = {isa = PBXFileReference; lastKnownFileType = text.plist.xml; path = Info.plist; sourceTree = "<group>"; };
		8E8677671E76CE610079E2B5 /* YHHappyWeddingUITests.xctest */ = {isa = PBXFileReference; explicitFileType = wrapper.cfbundle; includeInIndex = 0; path = YHHappyWeddingUITests.xctest; sourceTree = BUILT_PRODUCTS_DIR; };
		8E86776B1E76CE610079E2B5 /* YHHappyWeddingUITests.m */ = {isa = PBXFileReference; lastKnownFileType = sourcecode.c.objc; path = YHHappyWeddingUITests.m; sourceTree = "<group>"; };
		8E86776D1E76CE610079E2B5 /* Info.plist */ = {isa = PBXFileReference; lastKnownFileType = text.plist.xml; path = Info.plist; sourceTree = "<group>"; };
		8E86777F1E76CF3E0079E2B5 /* AppDelegate.h */ = {isa = PBXFileReference; fileEncoding = 4; lastKnownFileType = sourcecode.c.h; path = AppDelegate.h; sourceTree = "<group>"; };
		8E8677801E76CF3E0079E2B5 /* AppDelegate.m */ = {isa = PBXFileReference; fileEncoding = 4; lastKnownFileType = sourcecode.c.objc; path = AppDelegate.m; sourceTree = "<group>"; };
		8E8677811E76CF3E0079E2B5 /* main.m */ = {isa = PBXFileReference; fileEncoding = 4; lastKnownFileType = sourcecode.c.objc; path = main.m; sourceTree = "<group>"; };
		8E8677841E76CF630079E2B5 /* YHHappyWedding.pch */ = {isa = PBXFileReference; lastKnownFileType = sourcecode.c.h; path = YHHappyWedding.pch; sourceTree = "<group>"; };
		8E8677871E76D0A80079E2B5 /* UIView+Extension.h */ = {isa = PBXFileReference; fileEncoding = 4; lastKnownFileType = sourcecode.c.h; path = "UIView+Extension.h"; sourceTree = "<group>"; };
		8E8677881E76D0A80079E2B5 /* UIView+Extension.m */ = {isa = PBXFileReference; fileEncoding = 4; lastKnownFileType = sourcecode.c.objc; path = "UIView+Extension.m"; sourceTree = "<group>"; };
		8E86778B1E76D0A80079E2B5 /* AFHTTPSessionManager.h */ = {isa = PBXFileReference; fileEncoding = 4; lastKnownFileType = sourcecode.c.h; path = AFHTTPSessionManager.h; sourceTree = "<group>"; };
		8E86778C1E76D0A80079E2B5 /* AFHTTPSessionManager.m */ = {isa = PBXFileReference; fileEncoding = 4; lastKnownFileType = sourcecode.c.objc; path = AFHTTPSessionManager.m; sourceTree = "<group>"; };
		8E86778D1E76D0A80079E2B5 /* AFNetworking.h */ = {isa = PBXFileReference; fileEncoding = 4; lastKnownFileType = sourcecode.c.h; path = AFNetworking.h; sourceTree = "<group>"; };
		8E86778E1E76D0A80079E2B5 /* AFNetworkReachabilityManager.h */ = {isa = PBXFileReference; fileEncoding = 4; lastKnownFileType = sourcecode.c.h; path = AFNetworkReachabilityManager.h; sourceTree = "<group>"; };
		8E86778F1E76D0A80079E2B5 /* AFNetworkReachabilityManager.m */ = {isa = PBXFileReference; fileEncoding = 4; lastKnownFileType = sourcecode.c.objc; path = AFNetworkReachabilityManager.m; sourceTree = "<group>"; };
		8E8677901E76D0A80079E2B5 /* AFSecurityPolicy.h */ = {isa = PBXFileReference; fileEncoding = 4; lastKnownFileType = sourcecode.c.h; path = AFSecurityPolicy.h; sourceTree = "<group>"; };
		8E8677911E76D0A80079E2B5 /* AFSecurityPolicy.m */ = {isa = PBXFileReference; fileEncoding = 4; lastKnownFileType = sourcecode.c.objc; path = AFSecurityPolicy.m; sourceTree = "<group>"; };
		8E8677921E76D0A80079E2B5 /* AFURLRequestSerialization.h */ = {isa = PBXFileReference; fileEncoding = 4; lastKnownFileType = sourcecode.c.h; path = AFURLRequestSerialization.h; sourceTree = "<group>"; };
		8E8677931E76D0A80079E2B5 /* AFURLRequestSerialization.m */ = {isa = PBXFileReference; fileEncoding = 4; lastKnownFileType = sourcecode.c.objc; path = AFURLRequestSerialization.m; sourceTree = "<group>"; };
		8E8677941E76D0A80079E2B5 /* AFURLResponseSerialization.h */ = {isa = PBXFileReference; fileEncoding = 4; lastKnownFileType = sourcecode.c.h; path = AFURLResponseSerialization.h; sourceTree = "<group>"; };
		8E8677951E76D0A80079E2B5 /* AFURLResponseSerialization.m */ = {isa = PBXFileReference; fileEncoding = 4; lastKnownFileType = sourcecode.c.objc; path = AFURLResponseSerialization.m; sourceTree = "<group>"; };
		8E8677961E76D0A80079E2B5 /* AFURLSessionManager.h */ = {isa = PBXFileReference; fileEncoding = 4; lastKnownFileType = sourcecode.c.h; path = AFURLSessionManager.h; sourceTree = "<group>"; };
		8E8677971E76D0A80079E2B5 /* AFURLSessionManager.m */ = {isa = PBXFileReference; fileEncoding = 4; lastKnownFileType = sourcecode.c.objc; path = AFURLSessionManager.m; sourceTree = "<group>"; };
		8E8677A61E76D0A80079E2B5 /* MBProgressHUD+YH.h */ = {isa = PBXFileReference; fileEncoding = 4; lastKnownFileType = sourcecode.c.h; path = "MBProgressHUD+YH.h"; sourceTree = "<group>"; };
		8E8677A71E76D0A80079E2B5 /* MBProgressHUD+YH.m */ = {isa = PBXFileReference; fileEncoding = 4; lastKnownFileType = sourcecode.c.objc; path = "MBProgressHUD+YH.m"; sourceTree = "<group>"; };
		8E8677A81E76D0A80079E2B5 /* MBProgressHUD.bundle */ = {isa = PBXFileReference; lastKnownFileType = "wrapper.plug-in"; path = MBProgressHUD.bundle; sourceTree = "<group>"; };
		8E8677A91E76D0A80079E2B5 /* MBProgressHUD.h */ = {isa = PBXFileReference; fileEncoding = 4; lastKnownFileType = sourcecode.c.h; path = MBProgressHUD.h; sourceTree = "<group>"; };
		8E8677AA1E76D0A80079E2B5 /* MBProgressHUD.m */ = {isa = PBXFileReference; fileEncoding = 4; lastKnownFileType = sourcecode.c.objc; path = MBProgressHUD.m; sourceTree = "<group>"; };
		8E8677AC1E76D0A80079E2B5 /* Info.plist */ = {isa = PBXFileReference; fileEncoding = 4; lastKnownFileType = text.plist.xml; path = Info.plist; sourceTree = "<group>"; };
		8E8677AD1E76D0A80079E2B5 /* MJExtension.h */ = {isa = PBXFileReference; fileEncoding = 4; lastKnownFileType = sourcecode.c.h; path = MJExtension.h; sourceTree = "<group>"; };
		8E8677AE1E76D0A80079E2B5 /* MJExtensionConst.h */ = {isa = PBXFileReference; fileEncoding = 4; lastKnownFileType = sourcecode.c.h; path = MJExtensionConst.h; sourceTree = "<group>"; };
		8E8677AF1E76D0A80079E2B5 /* MJExtensionConst.m */ = {isa = PBXFileReference; fileEncoding = 4; lastKnownFileType = sourcecode.c.objc; path = MJExtensionConst.m; sourceTree = "<group>"; };
		8E8677B01E76D0A80079E2B5 /* MJFoundation.h */ = {isa = PBXFileReference; fileEncoding = 4; lastKnownFileType = sourcecode.c.h; path = MJFoundation.h; sourceTree = "<group>"; };
		8E8677B11E76D0A80079E2B5 /* MJFoundation.m */ = {isa = PBXFileReference; fileEncoding = 4; lastKnownFileType = sourcecode.c.objc; path = MJFoundation.m; sourceTree = "<group>"; };
		8E8677B21E76D0A80079E2B5 /* MJProperty.h */ = {isa = PBXFileReference; fileEncoding = 4; lastKnownFileType = sourcecode.c.h; path = MJProperty.h; sourceTree = "<group>"; };
		8E8677B31E76D0A80079E2B5 /* MJProperty.m */ = {isa = PBXFileReference; fileEncoding = 4; lastKnownFileType = sourcecode.c.objc; path = MJProperty.m; sourceTree = "<group>"; };
		8E8677B41E76D0A80079E2B5 /* MJPropertyKey.h */ = {isa = PBXFileReference; fileEncoding = 4; lastKnownFileType = sourcecode.c.h; path = MJPropertyKey.h; sourceTree = "<group>"; };
		8E8677B51E76D0A80079E2B5 /* MJPropertyKey.m */ = {isa = PBXFileReference; fileEncoding = 4; lastKnownFileType = sourcecode.c.objc; path = MJPropertyKey.m; sourceTree = "<group>"; };
		8E8677B61E76D0A80079E2B5 /* MJPropertyType.h */ = {isa = PBXFileReference; fileEncoding = 4; lastKnownFileType = sourcecode.c.h; path = MJPropertyType.h; sourceTree = "<group>"; };
		8E8677B71E76D0A80079E2B5 /* MJPropertyType.m */ = {isa = PBXFileReference; fileEncoding = 4; lastKnownFileType = sourcecode.c.objc; path = MJPropertyType.m; sourceTree = "<group>"; };
		8E8677B81E76D0A80079E2B5 /* NSObject+MJClass.h */ = {isa = PBXFileReference; fileEncoding = 4; lastKnownFileType = sourcecode.c.h; path = "NSObject+MJClass.h"; sourceTree = "<group>"; };
		8E8677B91E76D0A80079E2B5 /* NSObject+MJClass.m */ = {isa = PBXFileReference; fileEncoding = 4; lastKnownFileType = sourcecode.c.objc; path = "NSObject+MJClass.m"; sourceTree = "<group>"; };
		8E8677BA1E76D0A80079E2B5 /* NSObject+MJCoding.h */ = {isa = PBXFileReference; fileEncoding = 4; lastKnownFileType = sourcecode.c.h; path = "NSObject+MJCoding.h"; sourceTree = "<group>"; };
		8E8677BB1E76D0A80079E2B5 /* NSObject+MJCoding.m */ = {isa = PBXFileReference; fileEncoding = 4; lastKnownFileType = sourcecode.c.objc; path = "NSObject+MJCoding.m"; sourceTree = "<group>"; };
		8E8677BC1E76D0A80079E2B5 /* NSObject+MJKeyValue.h */ = {isa = PBXFileReference; fileEncoding = 4; lastKnownFileType = sourcecode.c.h; path = "NSObject+MJKeyValue.h"; sourceTree = "<group>"; };
		8E8677BD1E76D0A80079E2B5 /* NSObject+MJKeyValue.m */ = {isa = PBXFileReference; fileEncoding = 4; lastKnownFileType = sourcecode.c.objc; path = "NSObject+MJKeyValue.m"; sourceTree = "<group>"; };
		8E8677BE1E76D0A80079E2B5 /* NSObject+MJProperty.h */ = {isa = PBXFileReference; fileEncoding = 4; lastKnownFileType = sourcecode.c.h; path = "NSObject+MJProperty.h"; sourceTree = "<group>"; };
		8E8677BF1E76D0A80079E2B5 /* NSObject+MJProperty.m */ = {isa = PBXFileReference; fileEncoding = 4; lastKnownFileType = sourcecode.c.objc; path = "NSObject+MJProperty.m"; sourceTree = "<group>"; };
		8E8677C01E76D0A80079E2B5 /* NSString+MJExtension.h */ = {isa = PBXFileReference; fileEncoding = 4; lastKnownFileType = sourcecode.c.h; path = "NSString+MJExtension.h"; sourceTree = "<group>"; };
		8E8677C11E76D0A80079E2B5 /* NSString+MJExtension.m */ = {isa = PBXFileReference; fileEncoding = 4; lastKnownFileType = sourcecode.c.objc; path = "NSString+MJExtension.m"; sourceTree = "<group>"; };
		8E8677C31E76D0A80079E2B5 /* SVIndefiniteAnimatedView.h */ = {isa = PBXFileReference; fileEncoding = 4; lastKnownFileType = sourcecode.c.h; path = SVIndefiniteAnimatedView.h; sourceTree = "<group>"; };
		8E8677C41E76D0A80079E2B5 /* SVIndefiniteAnimatedView.m */ = {isa = PBXFileReference; fileEncoding = 4; lastKnownFileType = sourcecode.c.objc; path = SVIndefiniteAnimatedView.m; sourceTree = "<group>"; };
		8E8677C51E76D0A80079E2B5 /* SVProgressAnimatedView.h */ = {isa = PBXFileReference; fileEncoding = 4; lastKnownFileType = sourcecode.c.h; path = SVProgressAnimatedView.h; sourceTree = "<group>"; };
		8E8677C61E76D0A80079E2B5 /* SVProgressAnimatedView.m */ = {isa = PBXFileReference; fileEncoding = 4; lastKnownFileType = sourcecode.c.objc; path = SVProgressAnimatedView.m; sourceTree = "<group>"; };
		8E8677C71E76D0A80079E2B5 /* SVProgressHUD-Prefix.pch */ = {isa = PBXFileReference; fileEncoding = 4; lastKnownFileType = sourcecode.c.h; path = "SVProgressHUD-Prefix.pch"; sourceTree = "<group>"; };
		8E8677C81E76D0A80079E2B5 /* SVProgressHUD.bundle */ = {isa = PBXFileReference; lastKnownFileType = "wrapper.plug-in"; path = SVProgressHUD.bundle; sourceTree = "<group>"; };
		8E8677C91E76D0A80079E2B5 /* SVProgressHUD.h */ = {isa = PBXFileReference; fileEncoding = 4; lastKnownFileType = sourcecode.c.h; path = SVProgressHUD.h; sourceTree = "<group>"; };
		8E8677CA1E76D0A80079E2B5 /* SVProgressHUD.m */ = {isa = PBXFileReference; fileEncoding = 4; lastKnownFileType = sourcecode.c.objc; path = SVProgressHUD.m; sourceTree = "<group>"; };
		8E8677CB1E76D0A80079E2B5 /* SVRadialGradientLayer.h */ = {isa = PBXFileReference; fileEncoding = 4; lastKnownFileType = sourcecode.c.h; path = SVRadialGradientLayer.h; sourceTree = "<group>"; };
		8E8677CC1E76D0A80079E2B5 /* SVRadialGradientLayer.m */ = {isa = PBXFileReference; fileEncoding = 4; lastKnownFileType = sourcecode.c.objc; path = SVRadialGradientLayer.m; sourceTree = "<group>"; };
		8E8677F11E76D15C0079E2B5 /* YHViewController.h */ = {isa = PBXFileReference; fileEncoding = 4; lastKnownFileType = sourcecode.c.h; path = YHViewController.h; sourceTree = "<group>"; };
		8E8677F21E76D15C0079E2B5 /* YHViewController.m */ = {isa = PBXFileReference; fileEncoding = 4; lastKnownFileType = sourcecode.c.objc; path = YHViewController.m; sourceTree = "<group>"; };
		8E8677F41E76D17E0079E2B5 /* YHTabBar.h */ = {isa = PBXFileReference; fileEncoding = 4; lastKnownFileType = sourcecode.c.h; path = YHTabBar.h; sourceTree = "<group>"; };
		8E8677F51E76D17E0079E2B5 /* YHTabBar.m */ = {isa = PBXFileReference; fileEncoding = 4; lastKnownFileType = sourcecode.c.objc; path = YHTabBar.m; sourceTree = "<group>"; };
		8E8678391E76E6990079E2B5 /* YHTabBarController.h */ = {isa = PBXFileReference; fileEncoding = 4; lastKnownFileType = sourcecode.c.h; path = YHTabBarController.h; sourceTree = "<group>"; };
		8E86783A1E76E6990079E2B5 /* YHTabBarController.m */ = {isa = PBXFileReference; fileEncoding = 4; lastKnownFileType = sourcecode.c.objc; path = YHTabBarController.m; sourceTree = "<group>"; };
		8E86783F1E76E6C80079E2B5 /* YHNavigationController.h */ = {isa = PBXFileReference; fileEncoding = 4; lastKnownFileType = sourcecode.c.h; path = YHNavigationController.h; sourceTree = "<group>"; };
		8E8678401E76E6C80079E2B5 /* YHNavigationController.m */ = {isa = PBXFileReference; fileEncoding = 4; lastKnownFileType = sourcecode.c.objc; path = YHNavigationController.m; sourceTree = "<group>"; };
		8E8678421E76EBAF0079E2B5 /* YHTabBar.xib */ = {isa = PBXFileReference; fileEncoding = 4; lastKnownFileType = file.xib; path = YHTabBar.xib; sourceTree = "<group>"; };
		8E8678441E76EFFF0079E2B5 /* YHUpImgBtn.h */ = {isa = PBXFileReference; fileEncoding = 4; lastKnownFileType = sourcecode.c.h; path = YHUpImgBtn.h; sourceTree = "<group>"; };
		8E8678451E76EFFF0079E2B5 /* YHUpImgBtn.m */ = {isa = PBXFileReference; fileEncoding = 4; lastKnownFileType = sourcecode.c.objc; path = YHUpImgBtn.m; sourceTree = "<group>"; };
		8E8678571E76F1DD0079E2B5 /* YHHotelVc.h */ = {isa = PBXFileReference; fileEncoding = 4; lastKnownFileType = sourcecode.c.h; path = YHHotelVc.h; sourceTree = "<group>"; };
		8E8678581E76F1DD0079E2B5 /* YHHotelVc.m */ = {isa = PBXFileReference; fileEncoding = 4; lastKnownFileType = sourcecode.c.objc; path = YHHotelVc.m; sourceTree = "<group>"; };
		8E86785A1E76F1E80079E2B5 /* YHWeddingVc.h */ = {isa = PBXFileReference; fileEncoding = 4; lastKnownFileType = sourcecode.c.h; path = YHWeddingVc.h; sourceTree = "<group>"; };
		8E86785B1E76F1E80079E2B5 /* YHWeddingVc.m */ = {isa = PBXFileReference; fileEncoding = 4; lastKnownFileType = sourcecode.c.objc; path = YHWeddingVc.m; sourceTree = "<group>"; };
		8E86785D1E76F1F60079E2B5 /* YHMasterVc.h */ = {isa = PBXFileReference; fileEncoding = 4; lastKnownFileType = sourcecode.c.h; path = YHMasterVc.h; sourceTree = "<group>"; };
		8E86785E1E76F1F60079E2B5 /* YHMasterVc.m */ = {isa = PBXFileReference; fileEncoding = 4; lastKnownFileType = sourcecode.c.objc; path = YHMasterVc.m; sourceTree = "<group>"; };
		8E8678601E76F2040079E2B5 /* YHMeVc.h */ = {isa = PBXFileReference; fileEncoding = 4; lastKnownFileType = sourcecode.c.h; path = YHMeVc.h; sourceTree = "<group>"; };
		8E8678611E76F2040079E2B5 /* YHMeVc.m */ = {isa = PBXFileReference; fileEncoding = 4; lastKnownFileType = sourcecode.c.objc; path = YHMeVc.m; sourceTree = "<group>"; };
		8EF837AE1E7780B20020BCC1 /* YHHomeVc.h */ = {isa = PBXFileReference; fileEncoding = 4; lastKnownFileType = sourcecode.c.h; path = YHHomeVc.h; sourceTree = "<group>"; };
		8EF837AF1E7780B20020BCC1 /* YHHomeVc.m */ = {isa = PBXFileReference; fileEncoding = 4; lastKnownFileType = sourcecode.c.objc; path = YHHomeVc.m; sourceTree = "<group>"; };
		8EF837F91E778D1D0020BCC1 /* YHTabBarMidView.h */ = {isa = PBXFileReference; fileEncoding = 4; lastKnownFileType = sourcecode.c.h; path = YHTabBarMidView.h; sourceTree = "<group>"; };
		8EF837FA1E778D1D0020BCC1 /* YHTabBarMidView.m */ = {isa = PBXFileReference; fileEncoding = 4; lastKnownFileType = sourcecode.c.objc; path = YHTabBarMidView.m; sourceTree = "<group>"; };
		8EF837FC1E779B830020BCC1 /* YHScreenPanNav.h */ = {isa = PBXFileReference; fileEncoding = 4; lastKnownFileType = sourcecode.c.h; path = YHScreenPanNav.h; sourceTree = "<group>"; };
		8EF837FD1E779B830020BCC1 /* YHScreenPanNav.m */ = {isa = PBXFileReference; fileEncoding = 4; lastKnownFileType = sourcecode.c.objc; path = YHScreenPanNav.m; sourceTree = "<group>"; };
/* End PBXFileReference section */

/* Begin PBXFrameworksBuildPhase section */
		8E8677401E76CE600079E2B5 /* Frameworks */ = {
			isa = PBXFrameworksBuildPhase;
			buildActionMask = 2147483647;
			files = (
			);
			runOnlyForDeploymentPostprocessing = 0;
		};
		8E8677591E76CE610079E2B5 /* Frameworks */ = {
			isa = PBXFrameworksBuildPhase;
			buildActionMask = 2147483647;
			files = (
			);
			runOnlyForDeploymentPostprocessing = 0;
		};
		8E8677641E76CE610079E2B5 /* Frameworks */ = {
			isa = PBXFrameworksBuildPhase;
			buildActionMask = 2147483647;
			files = (
			);
			runOnlyForDeploymentPostprocessing = 0;
		};
/* End PBXFrameworksBuildPhase section */

/* Begin PBXGroup section */
		8E86773A1E76CE600079E2B5 = {
			isa = PBXGroup;
			children = (
				8E8677451E76CE600079E2B5 /* YHHappyWedding */,
				8E86775F1E76CE610079E2B5 /* YHHappyWeddingTests */,
				8E86776A1E76CE610079E2B5 /* YHHappyWeddingUITests */,
				8E8677441E76CE600079E2B5 /* Products */,
			);
			sourceTree = "<group>";
		};
		8E8677441E76CE600079E2B5 /* Products */ = {
			isa = PBXGroup;
			children = (
				8E8677431E76CE600079E2B5 /* YHHappyWedding.app */,
				8E86775C1E76CE610079E2B5 /* YHHappyWeddingTests.xctest */,
				8E8677671E76CE610079E2B5 /* YHHappyWeddingUITests.xctest */,
			);
			name = Products;
			sourceTree = "<group>";
		};
		8E8677451E76CE600079E2B5 /* YHHappyWedding */ = {
			isa = PBXGroup;
			children = (
				8E86777D1E76CF3E0079E2B5 /* Main */,
				8E8677791E76CF3E0079E2B5 /* Home */,
				8E8678471E76F1940079E2B5 /* Hotel 酒店 */,
				8E86784B1E76F1A30079E2B5 /* Wedding 婚礼 */,
				8E86784F1E76F1AF0079E2B5 /* Master管家 */,
				8E8678531E76F1B90079E2B5 /* Me我的 */,
				8E86777E1E76CF3E0079E2B5 /* System */,
				8E8677851E76D0A80079E2B5 /* Other */,
				8E86774F1E76CE610079E2B5 /* Main.storyboard */,
				8E8677461E76CE610079E2B5 /* Supporting Files */,
			);
			path = YHHappyWedding;
			sourceTree = "<group>";
		};
		8E8677461E76CE610079E2B5 /* Supporting Files */ = {
			isa = PBXGroup;
			children = (
				8E8677521E76CE610079E2B5 /* Assets.xcassets */,
				8E8677541E76CE610079E2B5 /* LaunchScreen.storyboard */,
				8E8677571E76CE610079E2B5 /* Info.plist */,
				8E8677841E76CF630079E2B5 /* YHHappyWedding.pch */,
			);
			name = "Supporting Files";
			sourceTree = "<group>";
		};
		8E86775F1E76CE610079E2B5 /* YHHappyWeddingTests */ = {
			isa = PBXGroup;
			children = (
				8E8677601E76CE610079E2B5 /* YHHappyWeddingTests.m */,
				8E8677621E76CE610079E2B5 /* Info.plist */,
			);
			path = YHHappyWeddingTests;
			sourceTree = "<group>";
		};
		8E86776A1E76CE610079E2B5 /* YHHappyWeddingUITests */ = {
			isa = PBXGroup;
			children = (
				8E86776B1E76CE610079E2B5 /* YHHappyWeddingUITests.m */,
				8E86776D1E76CE610079E2B5 /* Info.plist */,
			);
			path = YHHappyWeddingUITests;
			sourceTree = "<group>";
		};
		8E8677791E76CF3E0079E2B5 /* Home */ = {
			isa = PBXGroup;
			children = (
				8E86777A1E76CF3E0079E2B5 /* Controller */,
				8E86777B1E76CF3E0079E2B5 /* Model */,
				8E86777C1E76CF3E0079E2B5 /* View */,
			);
			path = Home;
			sourceTree = "<group>";
		};
		8E86777A1E76CF3E0079E2B5 /* Controller */ = {
			isa = PBXGroup;
			children = (
				8EF837AE1E7780B20020BCC1 /* YHHomeVc.h */,
				8EF837AF1E7780B20020BCC1 /* YHHomeVc.m */,
			);
			path = Controller;
			sourceTree = "<group>";
		};
		8E86777B1E76CF3E0079E2B5 /* Model */ = {
			isa = PBXGroup;
			children = (
			);
			path = Model;
			sourceTree = "<group>";
		};
		8E86777C1E76CF3E0079E2B5 /* View */ = {
			isa = PBXGroup;
			children = (
				8EF837F91E778D1D0020BCC1 /* YHTabBarMidView.h */,
				8EF837FA1E778D1D0020BCC1 /* YHTabBarMidView.m */,
			);
			path = View;
			sourceTree = "<group>";
		};
		8E86777D1E76CF3E0079E2B5 /* Main */ = {
			isa = PBXGroup;
			children = (
				8E8677ED1E76D14A0079E2B5 /* Controller */,
				8E8677EE1E76D14A0079E2B5 /* Model */,
				8E8677EF1E76D14A0079E2B5 /* Other */,
				8E8677F01E76D14A0079E2B5 /* View */,
			);
			path = Main;
			sourceTree = "<group>";
		};
		8E86777E1E76CF3E0079E2B5 /* System */ = {
			isa = PBXGroup;
			children = (
				8E86777F1E76CF3E0079E2B5 /* AppDelegate.h */,
				8E8677801E76CF3E0079E2B5 /* AppDelegate.m */,
				8E8677811E76CF3E0079E2B5 /* main.m */,
			);
			path = System;
			sourceTree = "<group>";
		};
		8E8677851E76D0A80079E2B5 /* Other */ = {
			isa = PBXGroup;
			children = (
				8E8677861E76D0A80079E2B5 /* Category */,
				8E8677891E76D0A80079E2B5 /* Lib */,
			);
			path = Other;
			sourceTree = "<group>";
		};
		8E8677861E76D0A80079E2B5 /* Category */ = {
			isa = PBXGroup;
			children = (
				8E8677871E76D0A80079E2B5 /* UIView+Extension.h */,
				8E8677881E76D0A80079E2B5 /* UIView+Extension.m */,
			);
			path = Category;
			sourceTree = "<group>";
		};
		8E8677891E76D0A80079E2B5 /* Lib */ = {
			isa = PBXGroup;
			children = (
				8E86778A1E76D0A80079E2B5 /* AFNetworking */,
				8E8677A51E76D0A80079E2B5 /* MBProgressHUD */,
				8E8677AB1E76D0A80079E2B5 /* MJExtension */,
				8E8677C21E76D0A80079E2B5 /* SVProgressHUD */,
			);
			path = Lib;
			sourceTree = "<group>";
		};
		8E86778A1E76D0A80079E2B5 /* AFNetworking */ = {
			isa = PBXGroup;
			children = (
				8E86778B1E76D0A80079E2B5 /* AFHTTPSessionManager.h */,
				8E86778C1E76D0A80079E2B5 /* AFHTTPSessionManager.m */,
				8E86778D1E76D0A80079E2B5 /* AFNetworking.h */,
				8E86778E1E76D0A80079E2B5 /* AFNetworkReachabilityManager.h */,
				8E86778F1E76D0A80079E2B5 /* AFNetworkReachabilityManager.m */,
				8E8677901E76D0A80079E2B5 /* AFSecurityPolicy.h */,
				8E8677911E76D0A80079E2B5 /* AFSecurityPolicy.m */,
				8E8677921E76D0A80079E2B5 /* AFURLRequestSerialization.h */,
				8E8677931E76D0A80079E2B5 /* AFURLRequestSerialization.m */,
				8E8677941E76D0A80079E2B5 /* AFURLResponseSerialization.h */,
				8E8677951E76D0A80079E2B5 /* AFURLResponseSerialization.m */,
				8E8677961E76D0A80079E2B5 /* AFURLSessionManager.h */,
				8E8677971E76D0A80079E2B5 /* AFURLSessionManager.m */,
			);
			path = AFNetworking;
			sourceTree = "<group>";
		};
		8E8677A51E76D0A80079E2B5 /* MBProgressHUD */ = {
			isa = PBXGroup;
			children = (
				8E8677A61E76D0A80079E2B5 /* MBProgressHUD+YH.h */,
				8E8677A71E76D0A80079E2B5 /* MBProgressHUD+YH.m */,
				8E8677A81E76D0A80079E2B5 /* MBProgressHUD.bundle */,
				8E8677A91E76D0A80079E2B5 /* MBProgressHUD.h */,
				8E8677AA1E76D0A80079E2B5 /* MBProgressHUD.m */,
			);
			path = MBProgressHUD;
			sourceTree = "<group>";
		};
		8E8677AB1E76D0A80079E2B5 /* MJExtension */ = {
			isa = PBXGroup;
			children = (
				8E8677AC1E76D0A80079E2B5 /* Info.plist */,
				8E8677AD1E76D0A80079E2B5 /* MJExtension.h */,
				8E8677AE1E76D0A80079E2B5 /* MJExtensionConst.h */,
				8E8677AF1E76D0A80079E2B5 /* MJExtensionConst.m */,
				8E8677B01E76D0A80079E2B5 /* MJFoundation.h */,
				8E8677B11E76D0A80079E2B5 /* MJFoundation.m */,
				8E8677B21E76D0A80079E2B5 /* MJProperty.h */,
				8E8677B31E76D0A80079E2B5 /* MJProperty.m */,
				8E8677B41E76D0A80079E2B5 /* MJPropertyKey.h */,
				8E8677B51E76D0A80079E2B5 /* MJPropertyKey.m */,
				8E8677B61E76D0A80079E2B5 /* MJPropertyType.h */,
				8E8677B71E76D0A80079E2B5 /* MJPropertyType.m */,
				8E8677B81E76D0A80079E2B5 /* NSObject+MJClass.h */,
				8E8677B91E76D0A80079E2B5 /* NSObject+MJClass.m */,
				8E8677BA1E76D0A80079E2B5 /* NSObject+MJCoding.h */,
				8E8677BB1E76D0A80079E2B5 /* NSObject+MJCoding.m */,
				8E8677BC1E76D0A80079E2B5 /* NSObject+MJKeyValue.h */,
				8E8677BD1E76D0A80079E2B5 /* NSObject+MJKeyValue.m */,
				8E8677BE1E76D0A80079E2B5 /* NSObject+MJProperty.h */,
				8E8677BF1E76D0A80079E2B5 /* NSObject+MJProperty.m */,
				8E8677C01E76D0A80079E2B5 /* NSString+MJExtension.h */,
				8E8677C11E76D0A80079E2B5 /* NSString+MJExtension.m */,
			);
			path = MJExtension;
			sourceTree = "<group>";
		};
		8E8677C21E76D0A80079E2B5 /* SVProgressHUD */ = {
			isa = PBXGroup;
			children = (
				8E8677C31E76D0A80079E2B5 /* SVIndefiniteAnimatedView.h */,
				8E8677C41E76D0A80079E2B5 /* SVIndefiniteAnimatedView.m */,
				8E8677C51E76D0A80079E2B5 /* SVProgressAnimatedView.h */,
				8E8677C61E76D0A80079E2B5 /* SVProgressAnimatedView.m */,
				8E8677C71E76D0A80079E2B5 /* SVProgressHUD-Prefix.pch */,
				8E8677C81E76D0A80079E2B5 /* SVProgressHUD.bundle */,
				8E8677C91E76D0A80079E2B5 /* SVProgressHUD.h */,
				8E8677CA1E76D0A80079E2B5 /* SVProgressHUD.m */,
				8E8677CB1E76D0A80079E2B5 /* SVRadialGradientLayer.h */,
				8E8677CC1E76D0A80079E2B5 /* SVRadialGradientLayer.m */,
			);
			path = SVProgressHUD;
			sourceTree = "<group>";
		};
		8E8677ED1E76D14A0079E2B5 /* Controller */ = {
			isa = PBXGroup;
			children = (
				8E8677F11E76D15C0079E2B5 /* YHViewController.h */,
				8E8677F21E76D15C0079E2B5 /* YHViewController.m */,
				8E8678391E76E6990079E2B5 /* YHTabBarController.h */,
				8E86783A1E76E6990079E2B5 /* YHTabBarController.m */,
				8E86783F1E76E6C80079E2B5 /* YHNavigationController.h */,
				8E8678401E76E6C80079E2B5 /* YHNavigationController.m */,
				8EF837FC1E779B830020BCC1 /* YHScreenPanNav.h */,
				8EF837FD1E779B830020BCC1 /* YHScreenPanNav.m */,
			);
			path = Controller;
			sourceTree = "<group>";
		};
		8E8677EE1E76D14A0079E2B5 /* Model */ = {
			isa = PBXGroup;
			children = (
			);
			path = Model;
			sourceTree = "<group>";
		};
		8E8677EF1E76D14A0079E2B5 /* Other */ = {
			isa = PBXGroup;
			children = (
			);
			path = Other;
			sourceTree = "<group>";
		};
		8E8677F01E76D14A0079E2B5 /* View */ = {
			isa = PBXGroup;
			children = (
				8E8678441E76EFFF0079E2B5 /* YHUpImgBtn.h */,
				8E8678451E76EFFF0079E2B5 /* YHUpImgBtn.m */,
				8E8677F41E76D17E0079E2B5 /* YHTabBar.h */,
				8E8677F51E76D17E0079E2B5 /* YHTabBar.m */,
				8E8678421E76EBAF0079E2B5 /* YHTabBar.xib */,
			);
			path = View;
			sourceTree = "<group>";
		};
		8E8678471E76F1940079E2B5 /* Hotel 酒店 */ = {
			isa = PBXGroup;
			children = (
				8E8678481E76F1940079E2B5 /* Controller */,
				8E8678491E76F1940079E2B5 /* Model */,
				8E86784A1E76F1940079E2B5 /* View */,
			);
			path = "Hotel 酒店";
			sourceTree = "<group>";
		};
		8E8678481E76F1940079E2B5 /* Controller */ = {
			isa = PBXGroup;
			children = (
				8E8678571E76F1DD0079E2B5 /* YHHotelVc.h */,
				8E8678581E76F1DD0079E2B5 /* YHHotelVc.m */,
			);
			path = Controller;
			sourceTree = "<group>";
		};
		8E8678491E76F1940079E2B5 /* Model */ = {
			isa = PBXGroup;
			children = (
			);
			path = Model;
			sourceTree = "<group>";
		};
		8E86784A1E76F1940079E2B5 /* View */ = {
			isa = PBXGroup;
			children = (
			);
			path = View;
			sourceTree = "<group>";
		};
		8E86784B1E76F1A30079E2B5 /* Wedding 婚礼 */ = {
			isa = PBXGroup;
			children = (
				8E86784C1E76F1A30079E2B5 /* Controller */,
				8E86784D1E76F1A30079E2B5 /* Model */,
				8E86784E1E76F1A30079E2B5 /* View */,
			);
			path = "Wedding 婚礼";
			sourceTree = "<group>";
		};
		8E86784C1E76F1A30079E2B5 /* Controller */ = {
			isa = PBXGroup;
			children = (
				8E86785A1E76F1E80079E2B5 /* YHWeddingVc.h */,
				8E86785B1E76F1E80079E2B5 /* YHWeddingVc.m */,
			);
			path = Controller;
			sourceTree = "<group>";
		};
		8E86784D1E76F1A30079E2B5 /* Model */ = {
			isa = PBXGroup;
			children = (
			);
			path = Model;
			sourceTree = "<group>";
		};
		8E86784E1E76F1A30079E2B5 /* View */ = {
			isa = PBXGroup;
			children = (
			);
			path = View;
			sourceTree = "<group>";
		};
		8E86784F1E76F1AF0079E2B5 /* Master管家 */ = {
			isa = PBXGroup;
			children = (
				8E8678501E76F1AF0079E2B5 /* Controller */,
				8E8678511E76F1AF0079E2B5 /* Model */,
				8E8678521E76F1AF0079E2B5 /* View */,
			);
			path = "Master管家";
			sourceTree = "<group>";
		};
		8E8678501E76F1AF0079E2B5 /* Controller */ = {
			isa = PBXGroup;
			children = (
				8E86785D1E76F1F60079E2B5 /* YHMasterVc.h */,
				8E86785E1E76F1F60079E2B5 /* YHMasterVc.m */,
			);
			path = Controller;
			sourceTree = "<group>";
		};
		8E8678511E76F1AF0079E2B5 /* Model */ = {
			isa = PBXGroup;
			children = (
			);
			path = Model;
			sourceTree = "<group>";
		};
		8E8678521E76F1AF0079E2B5 /* View */ = {
			isa = PBXGroup;
			children = (
			);
			path = View;
			sourceTree = "<group>";
		};
		8E8678531E76F1B90079E2B5 /* Me我的 */ = {
			isa = PBXGroup;
			children = (
				8E8678541E76F1B90079E2B5 /* Controller */,
				8E8678551E76F1B90079E2B5 /* Model */,
				8E8678561E76F1B90079E2B5 /* View */,
			);
			path = "Me我的";
			sourceTree = "<group>";
		};
		8E8678541E76F1B90079E2B5 /* Controller */ = {
			isa = PBXGroup;
			children = (
				8E8678601E76F2040079E2B5 /* YHMeVc.h */,
				8E8678611E76F2040079E2B5 /* YHMeVc.m */,
			);
			path = Controller;
			sourceTree = "<group>";
		};
		8E8678551E76F1B90079E2B5 /* Model */ = {
			isa = PBXGroup;
			children = (
			);
			path = Model;
			sourceTree = "<group>";
		};
		8E8678561E76F1B90079E2B5 /* View */ = {
			isa = PBXGroup;
			children = (
			);
			path = View;
			sourceTree = "<group>";
		};
/* End PBXGroup section */

/* Begin PBXNativeTarget section */
		8E8677421E76CE600079E2B5 /* YHHappyWedding */ = {
			isa = PBXNativeTarget;
			buildConfigurationList = 8E8677701E76CE610079E2B5 /* Build configuration list for PBXNativeTarget "YHHappyWedding" */;
			buildPhases = (
				8E86773F1E76CE600079E2B5 /* Sources */,
				8E8677401E76CE600079E2B5 /* Frameworks */,
				8E8677411E76CE600079E2B5 /* Resources */,
			);
			buildRules = (
			);
			dependencies = (
			);
			name = YHHappyWedding;
			productName = YHHappyWedding;
			productReference = 8E8677431E76CE600079E2B5 /* YHHappyWedding.app */;
			productType = "com.apple.product-type.application";
		};
		8E86775B1E76CE610079E2B5 /* YHHappyWeddingTests */ = {
			isa = PBXNativeTarget;
			buildConfigurationList = 8E8677731E76CE610079E2B5 /* Build configuration list for PBXNativeTarget "YHHappyWeddingTests" */;
			buildPhases = (
				8E8677581E76CE610079E2B5 /* Sources */,
				8E8677591E76CE610079E2B5 /* Frameworks */,
				8E86775A1E76CE610079E2B5 /* Resources */,
			);
			buildRules = (
			);
			dependencies = (
				8E86775E1E76CE610079E2B5 /* PBXTargetDependency */,
			);
			name = YHHappyWeddingTests;
			productName = YHHappyWeddingTests;
			productReference = 8E86775C1E76CE610079E2B5 /* YHHappyWeddingTests.xctest */;
			productType = "com.apple.product-type.bundle.unit-test";
		};
		8E8677661E76CE610079E2B5 /* YHHappyWeddingUITests */ = {
			isa = PBXNativeTarget;
			buildConfigurationList = 8E8677761E76CE610079E2B5 /* Build configuration list for PBXNativeTarget "YHHappyWeddingUITests" */;
			buildPhases = (
				8E8677631E76CE610079E2B5 /* Sources */,
				8E8677641E76CE610079E2B5 /* Frameworks */,
				8E8677651E76CE610079E2B5 /* Resources */,
			);
			buildRules = (
			);
			dependencies = (
				8E8677691E76CE610079E2B5 /* PBXTargetDependency */,
			);
			name = YHHappyWeddingUITests;
			productName = YHHappyWeddingUITests;
			productReference = 8E8677671E76CE610079E2B5 /* YHHappyWeddingUITests.xctest */;
			productType = "com.apple.product-type.bundle.ui-testing";
		};
/* End PBXNativeTarget section */

/* Begin PBXProject section */
		8E86773B1E76CE600079E2B5 /* Project object */ = {
			isa = PBXProject;
			attributes = {
				LastUpgradeCheck = 0820;
				ORGANIZATIONNAME = "Cui yuhe";
				TargetAttributes = {
					8E8677421E76CE600079E2B5 = {
						CreatedOnToolsVersion = 8.2.1;
						ProvisioningStyle = Automatic;
					};
					8E86775B1E76CE610079E2B5 = {
						CreatedOnToolsVersion = 8.2.1;
						ProvisioningStyle = Automatic;
						TestTargetID = 8E8677421E76CE600079E2B5;
					};
					8E8677661E76CE610079E2B5 = {
						CreatedOnToolsVersion = 8.2.1;
						ProvisioningStyle = Automatic;
						TestTargetID = 8E8677421E76CE600079E2B5;
					};
				};
			};
			buildConfigurationList = 8E86773E1E76CE600079E2B5 /* Build configuration list for PBXProject "YHHappyWedding" */;
			compatibilityVersion = "Xcode 3.2";
			developmentRegion = English;
			hasScannedForEncodings = 0;
			knownRegions = (
				en,
				Base,
			);
			mainGroup = 8E86773A1E76CE600079E2B5;
			productRefGroup = 8E8677441E76CE600079E2B5 /* Products */;
			projectDirPath = "";
			projectRoot = "";
			targets = (
				8E8677421E76CE600079E2B5 /* YHHappyWedding */,
				8E86775B1E76CE610079E2B5 /* YHHappyWeddingTests */,
				8E8677661E76CE610079E2B5 /* YHHappyWeddingUITests */,
			);
		};
/* End PBXProject section */

/* Begin PBXResourcesBuildPhase section */
		8E8677411E76CE600079E2B5 /* Resources */ = {
			isa = PBXResourcesBuildPhase;
			buildActionMask = 2147483647;
			files = (
				8E8677EA1E76D0A80079E2B5 /* SVProgressHUD.bundle in Resources */,
				8E8678431E76EBAF0079E2B5 /* YHTabBar.xib in Resources */,
				8E8677561E76CE610079E2B5 /* LaunchScreen.storyboard in Resources */,
				8E8677DD1E76D0A80079E2B5 /* Info.plist in Resources */,
				8E8677DB1E76D0A80079E2B5 /* MBProgressHUD.bundle in Resources */,
				8E8677531E76CE610079E2B5 /* Assets.xcassets in Resources */,
				8E8677511E76CE610079E2B5 /* Main.storyboard in Resources */,
			);
			runOnlyForDeploymentPostprocessing = 0;
		};
		8E86775A1E76CE610079E2B5 /* Resources */ = {
			isa = PBXResourcesBuildPhase;
			buildActionMask = 2147483647;
			files = (
			);
			runOnlyForDeploymentPostprocessing = 0;
		};
		8E8677651E76CE610079E2B5 /* Resources */ = {
			isa = PBXResourcesBuildPhase;
			buildActionMask = 2147483647;
			files = (
			);
			runOnlyForDeploymentPostprocessing = 0;
		};
/* End PBXResourcesBuildPhase section */

/* Begin PBXSourcesBuildPhase section */
		8E86773F1E76CE600079E2B5 /* Sources */ = {
			isa = PBXSourcesBuildPhase;
			buildActionMask = 2147483647;
			files = (
				8E8677D31E76D0A80079E2B5 /* AFURLSessionManager.m in Sources */,
				8E8677E01E76D0A80079E2B5 /* MJProperty.m in Sources */,
				8E8678461E76EFFF0079E2B5 /* YHUpImgBtn.m in Sources */,
				8E8678591E76F1DD0079E2B5 /* YHHotelVc.m in Sources */,
				8E86785F1E76F1F60079E2B5 /* YHMasterVc.m in Sources */,
				8E8677E91E76D0A80079E2B5 /* SVProgressAnimatedView.m in Sources */,
				8E8677DE1E76D0A80079E2B5 /* MJExtensionConst.m in Sources */,
				8EF837B01E7780B20020BCC1 /* YHHomeVc.m in Sources */,
				8E8677DF1E76D0A80079E2B5 /* MJFoundation.m in Sources */,
				8EF837FB1E778D1D0020BCC1 /* YHTabBarMidView.m in Sources */,
				8E8677F31E76D15C0079E2B5 /* YHViewController.m in Sources */,
				8EF837FE1E779B830020BCC1 /* YHScreenPanNav.m in Sources */,
				8E8677E71E76D0A80079E2B5 /* NSString+MJExtension.m in Sources */,
				8E8677CD1E76D0A80079E2B5 /* UIView+Extension.m in Sources */,
				8E8677EB1E76D0A80079E2B5 /* SVProgressHUD.m in Sources */,
				8E8677E11E76D0A80079E2B5 /* MJPropertyKey.m in Sources */,
				8E8677831E76CF3E0079E2B5 /* main.m in Sources */,
				8E8678621E76F2040079E2B5 /* YHMeVc.m in Sources */,
				8E86783B1E76E6990079E2B5 /* YHTabBarController.m in Sources */,
				8E8677CF1E76D0A80079E2B5 /* AFNetworkReachabilityManager.m in Sources */,
				8E8677E61E76D0A80079E2B5 /* NSObject+MJProperty.m in Sources */,
				8E8678411E76E6C80079E2B5 /* YHNavigationController.m in Sources */,
				8E8677E21E76D0A80079E2B5 /* MJPropertyType.m in Sources */,
				8E8677F61E76D17E0079E2B5 /* YHTabBar.m in Sources */,
				8E8677821E76CF3E0079E2B5 /* AppDelegate.m in Sources */,
				8E8677D01E76D0A80079E2B5 /* AFSecurityPolicy.m in Sources */,
				8E86785C1E76F1E80079E2B5 /* YHWeddingVc.m in Sources */,
				8E8677EC1E76D0A80079E2B5 /* SVRadialGradientLayer.m in Sources */,
				8E8677E51E76D0A80079E2B5 /* NSObject+MJKeyValue.m in Sources */,
				8E8677DA1E76D0A80079E2B5 /* MBProgressHUD+YH.m in Sources */,
				8E8677E81E76D0A80079E2B5 /* SVIndefiniteAnimatedView.m in Sources */,
				8E8677E31E76D0A80079E2B5 /* NSObject+MJClass.m in Sources */,
				8E8677E41E76D0A80079E2B5 /* NSObject+MJCoding.m in Sources */,
				8E8677D11E76D0A80079E2B5 /* AFURLRequestSerialization.m in Sources */,
				8E8677D21E76D0A80079E2B5 /* AFURLResponseSerialization.m in Sources */,
				8E8677CE1E76D0A80079E2B5 /* AFHTTPSessionManager.m in Sources */,
				8E8677DC1E76D0A80079E2B5 /* MBProgressHUD.m in Sources */,
			);
			runOnlyForDeploymentPostprocessing = 0;
		};
		8E8677581E76CE610079E2B5 /* Sources */ = {
			isa = PBXSourcesBuildPhase;
			buildActionMask = 2147483647;
			files = (
				8E8677611E76CE610079E2B5 /* YHHappyWeddingTests.m in Sources */,
			);
			runOnlyForDeploymentPostprocessing = 0;
		};
		8E8677631E76CE610079E2B5 /* Sources */ = {
			isa = PBXSourcesBuildPhase;
			buildActionMask = 2147483647;
			files = (
				8E86776C1E76CE610079E2B5 /* YHHappyWeddingUITests.m in Sources */,
			);
			runOnlyForDeploymentPostprocessing = 0;
		};
/* End PBXSourcesBuildPhase section */

/* Begin PBXTargetDependency section */
		8E86775E1E76CE610079E2B5 /* PBXTargetDependency */ = {
			isa = PBXTargetDependency;
			target = 8E8677421E76CE600079E2B5 /* YHHappyWedding */;
			targetProxy = 8E86775D1E76CE610079E2B5 /* PBXContainerItemProxy */;
		};
		8E8677691E76CE610079E2B5 /* PBXTargetDependency */ = {
			isa = PBXTargetDependency;
			target = 8E8677421E76CE600079E2B5 /* YHHappyWedding */;
			targetProxy = 8E8677681E76CE610079E2B5 /* PBXContainerItemProxy */;
		};
/* End PBXTargetDependency section */

/* Begin PBXVariantGroup section */
		8E86774F1E76CE610079E2B5 /* Main.storyboard */ = {
			isa = PBXVariantGroup;
			children = (
				8E8677501E76CE610079E2B5 /* Base */,
			);
			name = Main.storyboard;
			sourceTree = "<group>";
		};
		8E8677541E76CE610079E2B5 /* LaunchScreen.storyboard */ = {
			isa = PBXVariantGroup;
			children = (
				8E8677551E76CE610079E2B5 /* Base */,
			);
			name = LaunchScreen.storyboard;
			sourceTree = "<group>";
		};
/* End PBXVariantGroup section */

/* Begin XCBuildConfiguration section */
		8E86776E1E76CE610079E2B5 /* Debug */ = {
			isa = XCBuildConfiguration;
			buildSettings = {
				ALWAYS_SEARCH_USER_PATHS = NO;
				CLANG_ANALYZER_NONNULL = YES;
				CLANG_CXX_LANGUAGE_STANDARD = "gnu++0x";
				CLANG_CXX_LIBRARY = "libc++";
				CLANG_ENABLE_MODULES = YES;
				CLANG_ENABLE_OBJC_ARC = YES;
				CLANG_WARN_BOOL_CONVERSION = YES;
				CLANG_WARN_CONSTANT_CONVERSION = YES;
				CLANG_WARN_DIRECT_OBJC_ISA_USAGE = YES_ERROR;
				CLANG_WARN_DOCUMENTATION_COMMENTS = YES;
				CLANG_WARN_EMPTY_BODY = YES;
				CLANG_WARN_ENUM_CONVERSION = YES;
				CLANG_WARN_INFINITE_RECURSION = YES;
				CLANG_WARN_INT_CONVERSION = YES;
				CLANG_WARN_OBJC_ROOT_CLASS = YES_ERROR;
				CLANG_WARN_SUSPICIOUS_MOVE = YES;
				CLANG_WARN_UNREACHABLE_CODE = YES;
				CLANG_WARN__DUPLICATE_METHOD_MATCH = YES;
				"CODE_SIGN_IDENTITY[sdk=iphoneos*]" = "iPhone Developer";
				COPY_PHASE_STRIP = NO;
				DEBUG_INFORMATION_FORMAT = dwarf;
				ENABLE_STRICT_OBJC_MSGSEND = YES;
				ENABLE_TESTABILITY = YES;
				GCC_C_LANGUAGE_STANDARD = gnu99;
				GCC_DYNAMIC_NO_PIC = NO;
				GCC_NO_COMMON_BLOCKS = YES;
				GCC_OPTIMIZATION_LEVEL = 0;
				GCC_PREPROCESSOR_DEFINITIONS = (
					"DEBUG=1",
					"$(inherited)",
				);
				GCC_WARN_64_TO_32_BIT_CONVERSION = YES;
				GCC_WARN_ABOUT_RETURN_TYPE = YES_ERROR;
				GCC_WARN_UNDECLARED_SELECTOR = YES;
				GCC_WARN_UNINITIALIZED_AUTOS = YES_AGGRESSIVE;
				GCC_WARN_UNUSED_FUNCTION = YES;
				GCC_WARN_UNUSED_VARIABLE = YES;
				IPHONEOS_DEPLOYMENT_TARGET = 10.2;
				MTL_ENABLE_DEBUG_INFO = YES;
				ONLY_ACTIVE_ARCH = YES;
				SDKROOT = iphoneos;
			};
			name = Debug;
		};
		8E86776F1E76CE610079E2B5 /* Release */ = {
			isa = XCBuildConfiguration;
			buildSettings = {
				ALWAYS_SEARCH_USER_PATHS = NO;
				CLANG_ANALYZER_NONNULL = YES;
				CLANG_CXX_LANGUAGE_STANDARD = "gnu++0x";
				CLANG_CXX_LIBRARY = "libc++";
				CLANG_ENABLE_MODULES = YES;
				CLANG_ENABLE_OBJC_ARC = YES;
				CLANG_WARN_BOOL_CONVERSION = YES;
				CLANG_WARN_CONSTANT_CONVERSION = YES;
				CLANG_WARN_DIRECT_OBJC_ISA_USAGE = YES_ERROR;
				CLANG_WARN_DOCUMENTATION_COMMENTS = YES;
				CLANG_WARN_EMPTY_BODY = YES;
				CLANG_WARN_ENUM_CONVERSION = YES;
				CLANG_WARN_INFINITE_RECURSION = YES;
				CLANG_WARN_INT_CONVERSION = YES;
				CLANG_WARN_OBJC_ROOT_CLASS = YES_ERROR;
				CLANG_WARN_SUSPICIOUS_MOVE = YES;
				CLANG_WARN_UNREACHABLE_CODE = YES;
				CLANG_WARN__DUPLICATE_METHOD_MATCH = YES;
				"CODE_SIGN_IDENTITY[sdk=iphoneos*]" = "iPhone Developer";
				COPY_PHASE_STRIP = NO;
				DEBUG_INFORMATION_FORMAT = "dwarf-with-dsym";
				ENABLE_NS_ASSERTIONS = NO;
				ENABLE_STRICT_OBJC_MSGSEND = YES;
				GCC_C_LANGUAGE_STANDARD = gnu99;
				GCC_NO_COMMON_BLOCKS = YES;
				GCC_WARN_64_TO_32_BIT_CONVERSION = YES;
				GCC_WARN_ABOUT_RETURN_TYPE = YES_ERROR;
				GCC_WARN_UNDECLARED_SELECTOR = YES;
				GCC_WARN_UNINITIALIZED_AUTOS = YES_AGGRESSIVE;
				GCC_WARN_UNUSED_FUNCTION = YES;
				GCC_WARN_UNUSED_VARIABLE = YES;
				IPHONEOS_DEPLOYMENT_TARGET = 10.2;
				MTL_ENABLE_DEBUG_INFO = NO;
				SDKROOT = iphoneos;
				VALIDATE_PRODUCT = YES;
			};
			name = Release;
		};
		8E8677711E76CE610079E2B5 /* Debug */ = {
			isa = XCBuildConfiguration;
			buildSettings = {
				ASSETCATALOG_COMPILER_APPICON_NAME = AppIcon;
				GCC_PREFIX_HEADER = "$(SRCROOT)/YHHappyWedding/YHHappyWedding.pch";
				INFOPLIST_FILE = YHHappyWedding/Info.plist;
				IPHONEOS_DEPLOYMENT_TARGET = 8.0;
				LD_RUNPATH_SEARCH_PATHS = "$(inherited) @executable_path/Frameworks";
				PRODUCT_BUNDLE_IDENTIFIER = com.cuiyuhe.YHHappyWedding;
				PRODUCT_NAME = "$(TARGET_NAME)";
			};
			name = Debug;
		};
		8E8677721E76CE610079E2B5 /* Release */ = {
			isa = XCBuildConfiguration;
			buildSettings = {
				ASSETCATALOG_COMPILER_APPICON_NAME = AppIcon;
				GCC_PREFIX_HEADER = "$(SRCROOT)/YHHappyWedding/YHHappyWedding.pch";
				INFOPLIST_FILE = YHHappyWedding/Info.plist;
				IPHONEOS_DEPLOYMENT_TARGET = 8.0;
				LD_RUNPATH_SEARCH_PATHS = "$(inherited) @executable_path/Frameworks";
				PRODUCT_BUNDLE_IDENTIFIER = com.cuiyuhe.YHHappyWedding;
				PRODUCT_NAME = "$(TARGET_NAME)";
			};
			name = Release;
		};
		8E8677741E76CE610079E2B5 /* Debug */ = {
			isa = XCBuildConfiguration;
			buildSettings = {
				BUNDLE_LOADER = "$(TEST_HOST)";
				INFOPLIST_FILE = YHHappyWeddingTests/Info.plist;
				LD_RUNPATH_SEARCH_PATHS = "$(inherited) @executable_path/Frameworks @loader_path/Frameworks";
				PRODUCT_BUNDLE_IDENTIFIER = com.cuiyuhe.YHHappyWeddingTests;
				PRODUCT_NAME = "$(TARGET_NAME)";
				TEST_HOST = "$(BUILT_PRODUCTS_DIR)/YHHappyWedding.app/YHHappyWedding";
			};
			name = Debug;
		};
		8E8677751E76CE610079E2B5 /* Release */ = {
			isa = XCBuildConfiguration;
			buildSettings = {
				BUNDLE_LOADER = "$(TEST_HOST)";
				INFOPLIST_FILE = YHHappyWeddingTests/Info.plist;
				LD_RUNPATH_SEARCH_PATHS = "$(inherited) @executable_path/Frameworks @loader_path/Frameworks";
				PRODUCT_BUNDLE_IDENTIFIER = com.cuiyuhe.YHHappyWeddingTests;
				PRODUCT_NAME = "$(TARGET_NAME)";
				TEST_HOST = "$(BUILT_PRODUCTS_DIR)/YHHappyWedding.app/YHHappyWedding";
			};
			name = Release;
		};
		8E8677771E76CE610079E2B5 /* Debug */ = {
			isa = XCBuildConfiguration;
			buildSettings = {
				INFOPLIST_FILE = YHHappyWeddingUITests/Info.plist;
				LD_RUNPATH_SEARCH_PATHS = "$(inherited) @executable_path/Frameworks @loader_path/Frameworks";
				PRODUCT_BUNDLE_IDENTIFIER = com.cuiyuhe.YHHappyWeddingUITests;
				PRODUCT_NAME = "$(TARGET_NAME)";
				TEST_TARGET_NAME = YHHappyWedding;
			};
			name = Debug;
		};
		8E8677781E76CE610079E2B5 /* Release */ = {
			isa = XCBuildConfiguration;
			buildSettings = {
				INFOPLIST_FILE = YHHappyWeddingUITests/Info.plist;
				LD_RUNPATH_SEARCH_PATHS = "$(inherited) @executable_path/Frameworks @loader_path/Frameworks";
				PRODUCT_BUNDLE_IDENTIFIER = com.cuiyuhe.YHHappyWeddingUITests;
				PRODUCT_NAME = "$(TARGET_NAME)";
				TEST_TARGET_NAME = YHHappyWedding;
			};
			name = Release;
		};
/* End XCBuildConfiguration section */

/* Begin XCConfigurationList section */
		8E86773E1E76CE600079E2B5 /* Build configuration list for PBXProject "YHHappyWedding" */ = {
			isa = XCConfigurationList;
			buildConfigurations = (
				8E86776E1E76CE610079E2B5 /* Debug */,
				8E86776F1E76CE610079E2B5 /* Release */,
			);
			defaultConfigurationIsVisible = 0;
			defaultConfigurationName = Release;
		};
		8E8677701E76CE610079E2B5 /* Build configuration list for PBXNativeTarget "YHHappyWedding" */ = {
			isa = XCConfigurationList;
			buildConfigurations = (
				8E8677711E76CE610079E2B5 /* Debug */,
				8E8677721E76CE610079E2B5 /* Release */,
			);
			defaultConfigurationIsVisible = 0;
			defaultConfigurationName = Release;
		};
		8E8677731E76CE610079E2B5 /* Build configuration list for PBXNativeTarget "YHHappyWeddingTests" */ = {
			isa = XCConfigurationList;
			buildConfigurations = (
				8E8677741E76CE610079E2B5 /* Debug */,
				8E8677751E76CE610079E2B5 /* Release */,
			);
			defaultConfigurationIsVisible = 0;
			defaultConfigurationName = Release;
		};
		8E8677761E76CE610079E2B5 /* Build configuration list for PBXNativeTarget "YHHappyWeddingUITests" */ = {
			isa = XCConfigurationList;
			buildConfigurations = (
				8E8677771E76CE610079E2B5 /* Debug */,
				8E8677781E76CE610079E2B5 /* Release */,
			);
			defaultConfigurationIsVisible = 0;
			defaultConfigurationName = Release;
		};
/* End XCConfigurationList section */
	};
	rootObject = 8E86773B1E76CE600079E2B5 /* Project object */;
}
